
Microsoft Visual Studio Solution File, Format Version 12.00
# Visual Studio Version 17
VisualStudioVersion = 17.0.31903.59
MinimumVisualStudioVersion = 10.0.40219.1
Project("{FAE04EC0-301F-11D3-BF4B-00C04F79EFBC}") = "ToolingTests", "ToolingTests\ToolingTests.csproj", "{4CF8DBFF-4EB2-4E89-AB59-23095B4BAC6F}"
EndProject
Project("{FAE04EC0-301F-11D3-BF4B-00C04F79EFBC}") = "tooling_HO12", "Tooling\tooling_HO12.csproj", "{A1958095-AFE3-49E6-9824-2845D29557FF}"
EndProject
Global
	GlobalSection(SolutionConfigurationPlatforms) = preSolution
		Debug|Any CPU = Debug|Any CPU
		Release|Any CPU = Release|Any CPU
	EndGlobalSection
	GlobalSection(SolutionProperties) = preSolution
		HideSolutionNode = FALSE
	EndGlobalSection
	GlobalSection(ProjectConfigurationPlatforms) = postSolution
		{4CF8DBFF-4EB2-4E89-AB59-23095B4BAC6F}.Debug|Any CPU.ActiveCfg = Debug|Any CPU
		{4CF8DBFF-4EB2-4E89-AB59-23095B4BAC6F}.Debug|Any CPU.Build.0 = Debug|Any CPU
		{4CF8DBFF-4EB2-4E89-AB59-23095B4BAC6F}.Release|Any CPU.ActiveCfg = Release|Any CPU
		{4CF8DBFF-4EB2-4E89-AB59-23095B4BAC6F}.Release|Any CPU.Build.0 = Release|Any CPU
		{A1958095-AFE3-49E6-9824-2845D29557FF}.Debug|Any CPU.ActiveCfg = Debug|Any CPU
		{A1958095-AFE3-49E6-9824-2845D29557FF}.Debug|Any CPU.Build.0 = Debug|Any CPU
		{A1958095-AFE3-49E6-9824-2845D29557FF}.Release|Any CPU.ActiveCfg = Release|Any CPU
		{A1958095-AFE3-49E6-9824-2845D29557FF}.Release|Any CPU.Build.0 = Release|Any CPU
	EndGlobalSection
EndGlobal
